
Microsoft Visual Studio Solution File, Format Version 12.00
# Visual Studio Version 17
VisualStudioVersion = 17.5.33516.290
MinimumVisualStudioVersion = 10.0.40219.1
Project("{FAE04EC0-301F-11D3-BF4B-00C04F79EFBC}") = "FullStack.API", "FullStack.API\FullStack.API.csproj", "{F07849E2-E0CC-41BA-BA68-D3EA7D26957D}"
EndProject
Global
	GlobalSection(SolutionConfigurationPlatforms) = preSolution
		Debug|Any CPU = Debug|Any CPU
		Release|Any CPU = Release|Any CPU
	EndGlobalSection
	GlobalSection(ProjectConfigurationPlatforms) = postSolution
		{F07849E2-E0CC-41BA-BA68-D3EA7D26957D}.Debug|Any CPU.ActiveCfg = Debug|Any CPU
		{F07849E2-E0CC-41BA-BA68-D3EA7D26957D}.Debug|Any CPU.Build.0 = Debug|Any CPU
		{F07849E2-E0CC-41BA-BA68-D3EA7D26957D}.Release|Any CPU.ActiveCfg = Release|Any CPU
		{F07849E2-E0CC-41BA-BA68-D3EA7D26957D}.Release|Any CPU.Build.0 = Release|Any CPU
	EndGlobalSection
	GlobalSection(SolutionProperties) = preSolution
		HideSolutionNode = FALSE
	EndGlobalSection
	GlobalSection(ExtensibilityGlobals) = postSolution
		SolutionGuid = {40A34EE3-A912-42C8-A7E5-6D6FEA0715A9}
	EndGlobalSection
EndGlobal
